// !$*UTF8*$!
{
	archiveVersion = 1;
	classes = {
	};
	objectVersion = 45;
	objects = {

/* Begin PBXBuildFile section */
		8DD76F9A0486AA7600D96B5E /* WebKitRender.mm in Sources */ = {isa = PBXBuildFile; fileRef = 08FB7796FE84155DC02AAC07 /* WebKitRender.mm */; settings = {ATTRIBUTES = (); }; };
		C23BE1F2124AD5A6002946DE /* Foundation.framework in Frameworks */ = {isa = PBXBuildFile; fileRef = C23BE1F1124AD5A6002946DE /* Foundation.framework */; };
		C23BE1F4124AD5A6002946DE /* OpenGL.framework in Frameworks */ = {isa = PBXBuildFile; fileRef = C23BE1F3124AD5A6002946DE /* OpenGL.framework */; };
		C23BE1F8124AD5E9002946DE /* AppKit.framework in Frameworks */ = {isa = PBXBuildFile; fileRef = C23BE1F7124AD5E9002946DE /* AppKit.framework */; };
		C23BE1FA124AD5E9002946DE /* Carbon.framework in Frameworks */ = {isa = PBXBuildFile; fileRef = C23BE1F9124AD5E9002946DE /* Carbon.framework */; };
		C23BE45E124AF49F002946DE /* Security.framework in Frameworks */ = {isa = PBXBuildFile; fileRef = C23BE45D124AF49F002946DE /* Security.framework */; };
		C23BE466124AF61E002946DE /* SystemConfiguration.framework in Frameworks */ = {isa = PBXBuildFile; fileRef = C23BE465124AF61E002946DE /* SystemConfiguration.framework */; };
		C23BE47B124AF652002946DE /* IOKit.framework in Frameworks */ = {isa = PBXBuildFile; fileRef = C23BE47A124AF652002946DE /* IOKit.framework */; };
		C23BE487124AF8AA002946DE /* libresolv.9.dylib in Frameworks */ = {isa = PBXBuildFile; fileRef = C23BE486124AF8AA002946DE /* libresolv.9.dylib */; };
/* End PBXBuildFile section */

/* Begin PBXCopyFilesBuildPhase section */
		8DD76F9E0486AA7600D96B5E /* CopyFiles */ = {
			isa = PBXCopyFilesBuildPhase;
			buildActionMask = 8;
			dstPath = /usr/share/man/man1/;
			dstSubfolderSpec = 0;
			files = (
			);
			runOnlyForDeploymentPostprocessing = 1;
		};
/* End PBXCopyFilesBuildPhase section */

/* Begin PBXFileReference section */
		08FB7796FE84155DC02AAC07 /* WebKitRender.mm */ = {isa = PBXFileReference; fileEncoding = 4; lastKnownFileType = sourcecode.cpp.objcpp; path = WebKitRender.mm; sourceTree = "<group>"; };
		32A70AAB03705E1F00C91783 /* WebKitRender_Prefix.pch */ = {isa = PBXFileReference; fileEncoding = 4; lastKnownFileType = sourcecode.c.h; path = WebKitRender_Prefix.pch; sourceTree = "<group>"; };
		8DD76FA10486AA7600D96B5E /* WebKitRender */ = {isa = PBXFileReference; explicitFileType = "compiled.mach-o.executable"; includeInIndex = 0; path = WebKitRender; sourceTree = BUILT_PRODUCTS_DIR; };
		C23BE1F1124AD5A6002946DE /* Foundation.framework */ = {isa = PBXFileReference; lastKnownFileType = wrapper.framework; name = Foundation.framework; path = System/Library/Frameworks/Foundation.framework; sourceTree = SDKROOT; };
		C23BE1F3124AD5A6002946DE /* OpenGL.framework */ = {isa = PBXFileReference; lastKnownFileType = wrapper.framework; name = OpenGL.framework; path = System/Library/Frameworks/OpenGL.framework; sourceTree = SDKROOT; };
		C23BE1F7124AD5E9002946DE /* AppKit.framework */ = {isa = PBXFileReference; lastKnownFileType = wrapper.framework; name = AppKit.framework; path = System/Library/Frameworks/AppKit.framework; sourceTree = SDKROOT; };
		C23BE1F9124AD5E9002946DE /* Carbon.framework */ = {isa = PBXFileReference; lastKnownFileType = wrapper.framework; name = Carbon.framework; path = System/Library/Frameworks/Carbon.framework; sourceTree = SDKROOT; };
		C23BE45D124AF49F002946DE /* Security.framework */ = {isa = PBXFileReference; lastKnownFileType = wrapper.framework; name = Security.framework; path = System/Library/Frameworks/Security.framework; sourceTree = SDKROOT; };
		C23BE465124AF61E002946DE /* SystemConfiguration.framework */ = {isa = PBXFileReference; lastKnownFileType = wrapper.framework; name = SystemConfiguration.framework; path = System/Library/Frameworks/SystemConfiguration.framework; sourceTree = SDKROOT; };
		C23BE47A124AF652002946DE /* IOKit.framework */ = {isa = PBXFileReference; lastKnownFileType = wrapper.framework; name = IOKit.framework; path = System/Library/Frameworks/IOKit.framework; sourceTree = SDKROOT; };
		C23BE486124AF8AA002946DE /* libresolv.9.dylib */ = {isa = PBXFileReference; lastKnownFileType = "compiled.mach-o.dylib"; name = libresolv.9.dylib; path = usr/lib/libresolv.9.dylib; sourceTree = SDKROOT; };
/* End PBXFileReference section */

/* Begin PBXFrameworksBuildPhase section */
		8DD76F9B0486AA7600D96B5E /* Frameworks */ = {
			isa = PBXFrameworksBuildPhase;
			buildActionMask = 2147483647;
			files = (
				C23BE1F2124AD5A6002946DE /* Foundation.framework in Frameworks */,
				C23BE1F4124AD5A6002946DE /* OpenGL.framework in Frameworks */,
				C23BE1F8124AD5E9002946DE /* AppKit.framework in Frameworks */,
				C23BE1FA124AD5E9002946DE /* Carbon.framework in Frameworks */,
				C23BE45E124AF49F002946DE /* Security.framework in Frameworks */,
				C23BE466124AF61E002946DE /* SystemConfiguration.framework in Frameworks */,
				C23BE47B124AF652002946DE /* IOKit.framework in Frameworks */,
				C23BE487124AF8AA002946DE /* libresolv.9.dylib in Frameworks */,
			);
			runOnlyForDeploymentPostprocessing = 0;
		};
/* End PBXFrameworksBuildPhase section */

/* Begin PBXGroup section */
		08FB7794FE84155DC02AAC07 /* WebKitRender */ = {
			isa = PBXGroup;
			children = (
				08FB7795FE84155DC02AAC07 /* Source */,
				C23BE1F0124AD587002946DE /* Frameworks */,
				1AB674ADFE9D54B511CA2CBB /* Products */,
			);
			name = WebKitRender;
			sourceTree = "<group>";
		};
		08FB7795FE84155DC02AAC07 /* Source */ = {
			isa = PBXGroup;
			children = (
				32A70AAB03705E1F00C91783 /* WebKitRender_Prefix.pch */,
				08FB7796FE84155DC02AAC07 /* WebKitRender.mm */,
			);
			name = Source;
			sourceTree = "<group>";
		};
		1AB674ADFE9D54B511CA2CBB /* Products */ = {
			isa = PBXGroup;
			children = (
				8DD76FA10486AA7600D96B5E /* WebKitRender */,
			);
			name = Products;
			sourceTree = "<group>";
		};
		C23BE1F0124AD587002946DE /* Frameworks */ = {
			isa = PBXGroup;
			children = (
				C23BE465124AF61E002946DE /* SystemConfiguration.framework */,
				C23BE1F7124AD5E9002946DE /* AppKit.framework */,
				C23BE1F9124AD5E9002946DE /* Carbon.framework */,
				C23BE1F1124AD5A6002946DE /* Foundation.framework */,
				C23BE1F3124AD5A6002946DE /* OpenGL.framework */,
				C23BE45D124AF49F002946DE /* Security.framework */,
				C23BE47A124AF652002946DE /* IOKit.framework */,
				C23BE486124AF8AA002946DE /* libresolv.9.dylib */,
			);
			name = Frameworks;
			sourceTree = "<group>";
		};
/* End PBXGroup section */

/* Begin PBXNativeTarget section */
		8DD76F960486AA7600D96B5E /* WebKitRender */ = {
			isa = PBXNativeTarget;
			buildConfigurationList = 1DEB927408733DD40010E9CD /* Build configuration list for PBXNativeTarget "WebKitRender" */;
			buildPhases = (
				8DD76F990486AA7600D96B5E /* Sources */,
				8DD76F9B0486AA7600D96B5E /* Frameworks */,
				8DD76F9E0486AA7600D96B5E /* CopyFiles */,
			);
			buildRules = (
			);
			dependencies = (
			);
			name = WebKitRender;
			productInstallPath = "$(HOME)/bin";
			productName = WebKitRender;
			productReference = 8DD76FA10486AA7600D96B5E /* WebKitRender */;
			productType = "com.apple.product-type.tool";
		};
/* End PBXNativeTarget section */

/* Begin PBXProject section */
		08FB7793FE84155DC02AAC07 /* Project object */ = {
			isa = PBXProject;
			buildConfigurationList = 1DEB927808733DD40010E9CD /* Build configuration list for PBXProject "WebKitRender" */;
			compatibilityVersion = "Xcode 3.1";
			developmentRegion = English;
			hasScannedForEncodings = 1;
			knownRegions = (
				English,
				Japanese,
				French,
				German,
			);
			mainGroup = 08FB7794FE84155DC02AAC07 /* WebKitRender */;
			projectDirPath = "";
			projectRoot = "";
			targets = (
				8DD76F960486AA7600D96B5E /* WebKitRender */,
			);
		};
/* End PBXProject section */

/* Begin PBXSourcesBuildPhase section */
		8DD76F990486AA7600D96B5E /* Sources */ = {
			isa = PBXSourcesBuildPhase;
			buildActionMask = 2147483647;
			files = (
				8DD76F9A0486AA7600D96B5E /* WebKitRender.mm in Sources */,
			);
			runOnlyForDeploymentPostprocessing = 0;
		};
/* End PBXSourcesBuildPhase section */

/* Begin XCBuildConfiguration section */
		1DEB927508733DD40010E9CD /* Debug */ = {
			isa = XCBuildConfiguration;
			buildSettings = {
				ALWAYS_SEARCH_USER_PATHS = NO;
				COPY_PHASE_STRIP = NO;
				FRAMEWORK_SEARCH_PATHS = (
					"$(inherited)",
					"\"$(SRCROOT)/../../../software/webkit/chromium-mac/src/xcodebuild/Debug\"",
				);
				GCC_DYNAMIC_NO_PIC = NO;
				GCC_ENABLE_FIX_AND_CONTINUE = YES;
				GCC_MODEL_TUNING = G5;
				GCC_OPTIMIZATION_LEVEL = 0;
				GCC_PRECOMPILE_PREFIX_HEADER = YES;
				GCC_PREFIX_HEADER = WebKitRender_Prefix.pch;
				INSTALL_PATH = /usr/local/bin;
				LIBRARY_SEARCH_PATHS = (
					"$(inherited)",
					"\"$(SRCROOT)/../../../software/webkit/chromium-mac/src/xcodebuild/Debug\"",
				);
				PRODUCT_NAME = WebKitRender;
			};
			name = Debug;
		};
		1DEB927608733DD40010E9CD /* Release */ = {
			isa = XCBuildConfiguration;
			buildSettings = {
				ALWAYS_SEARCH_USER_PATHS = NO;
				DEBUG_INFORMATION_FORMAT = "dwarf-with-dsym";
				FRAMEWORK_SEARCH_PATHS = (
					"$(inherited)",
					"\"$(SRCROOT)/../../../software/webkit/chromium-mac/src/xcodebuild/Debug\"",
				);
				GCC_MODEL_TUNING = G5;
				GCC_PRECOMPILE_PREFIX_HEADER = YES;
				GCC_PREFIX_HEADER = WebKitRender_Prefix.pch;
				INSTALL_PATH = /usr/local/bin;
				LIBRARY_SEARCH_PATHS = (
					"$(inherited)",
					"\"$(SRCROOT)/../../../software/webkit/chromium-mac/src/xcodebuild/Debug\"",
				);
				PRODUCT_NAME = WebKitRender;
			};
			name = Release;
		};
		1DEB927908733DD40010E9CD /* Debug */ = {
			isa = XCBuildConfiguration;
			buildSettings = {
				ARCHS = "$(ARCHS_STANDARD_32_BIT)";
				GCC_C_LANGUAGE_STANDARD = gnu99;
				GCC_OPTIMIZATION_LEVEL = 0;
				GCC_SYMBOLS_PRIVATE_EXTERN = NO;
				GCC_WARN_ABOUT_RETURN_TYPE = YES;
				GCC_WARN_UNUSED_VARIABLE = YES;
				HEADER_SEARCH_PATHS = (
					"/Users/aw/Projects/software/webkit/chromium-mac/src/",
					"/Users/aw/Projects/software/webkit/chromium-mac/src/third_party/WebKit/WebKit/chromium/",
					"/Users/aw/Projects/software/webkit/chromium-mac/src/skia/config",
				);
				LINKER_DISPLAYS_MANGLED_NAMES = NO;
				ONLY_ACTIVE_ARCH = YES;
				OTHER_LDFLAGS = (
					"/Users/aw/Projects/software/webkit/chromium-mac/src/xcodebuild/Debug/libskia.a",
					"/Users/aw/Projects/software/webkit/chromium-mac/src/xcodebuild/Debug/libapp_base.a",
					"/Users/aw/Projects/software/webkit/chromium-mac/src/xcodebuild/Debug/libbase.a",
					"/Users/aw/Projects/software/webkit/chromium-mac/src/xcodebuild/Debug/libmodp_b64.a",
					"/Users/aw/Projects/software/webkit/chromium-mac/src/xcodebuild/Debug/libdynamic_annotations.a",
					"/Users/aw/Projects/software/webkit/chromium-mac/src/xcodebuild/Debug/libnss.a",
					"/Users/aw/Projects/software/webkit/chromium-mac/src/xcodebuild/Debug/libnspr.a",
					"/Users/aw/Projects/software/webkit/chromium-mac/src/xcodebuild/Debug/libsqlite3.a",
					"/Users/aw/Projects/software/webkit/chromium-mac/src/xcodebuild/Debug/libicui18n.a",
					"/Users/aw/Projects/software/webkit/chromium-mac/src/xcodebuild/Debug/libicuuc.a",
					"/Users/aw/Projects/software/webkit/chromium-mac/src/xcodebuild/Debug/libicudata.a",
					"/Users/aw/Projects/software/webkit/chromium-mac/src/xcodebuild/Debug/libevent.a",
					"/Users/aw/Projects/software/webkit/chromium-mac/src/xcodebuild/Debug/libbase_i18n.a",
					"/Users/aw/Projects/software/webkit/chromium-mac/src/xcodebuild/Debug/libgfx.a",
					"/Users/aw/Projects/software/webkit/chromium-mac/src/xcodebuild/Debug/libskia_opts.a",
					"/Users/aw/Projects/software/webkit/chromium-mac/src/xcodebuild/Debug/libjpeg.a",
					"/Users/aw/Projects/software/webkit/chromium-mac/src/xcodebuild/Debug/libpng.a",
					"/Users/aw/Projects/software/webkit/chromium-mac/src/xcodebuild/Debug/libchrome_zlib.a",
					"/Users/aw/Projects/software/webkit/chromium-mac/src/xcodebuild/Debug/libnet.a",
					"/Users/aw/Projects/software/webkit/chromium-mac/src/xcodebuild/Debug/libgoogleurl.a",
					"/Users/aw/Projects/software/webkit/chromium-mac/src/xcodebuild/Debug/libsdch.a",
					"/Users/aw/Projects/software/webkit/chromium-mac/src/xcodebuild/Debug/libnet_base.a",
					"/Users/aw/Projects/software/webkit/chromium-mac/src/xcodebuild/Debug/libv8_snapshot.a",
					"/Users/aw/Projects/software/webkit/chromium-mac/src/xcodebuild/Debug/libv8_base.a",
					"/Users/aw/Projects/software/webkit/chromium-mac/src/xcodebuild/Debug/libssl.a",
					"/Users/aw/Projects/software/webkit/chromium-mac/src/xcodebuild/Debug/libgles2_c_lib.a",
					"/Users/aw/Projects/software/webkit/chromium-mac/src/xcodebuild/Debug/libgles2_lib.a",
					"/Users/aw/Projects/software/webkit/chromium-mac/src/xcodebuild/Debug/libgles2_implementation.a",
					"/Users/aw/Projects/software/webkit/chromium-mac/src/xcodebuild/Debug/libgles2_cmd_helper.a",
					"/Users/aw/Projects/software/webkit/chromium-mac/src/xcodebuild/Debug/libcommand_buffer_client.a",
					"/Users/aw/Projects/software/webkit/chromium-mac/src/xcodebuild/Debug/libcommand_buffer_common.a",
					"/Users/aw/Projects/software/webkit/chromium-mac/src/xcodebuild/Debug/libmedia.a",
					"/Users/aw/Projects/software/webkit/chromium-mac/src/xcodebuild/Debug/libffmpeg.a",
					"/Users/aw/Projects/software/webkit/chromium-mac/src/xcodebuild/Debug/libgmock.a",
					"/Users/aw/Projects/software/webkit/chromium-mac/src/xcodebuild/Debug/libgtest.a",
					"/Users/aw/Projects/software/webkit/chromium-mac/src/xcodebuild/Debug/libwebkit.a",
					"/Users/aw/Projects/software/webkit/chromium-mac/src/xcodebuild/Debug/libwebcore_platform.a",
					"/Users/aw/Projects/software/webkit/chromium-mac/src/xcodebuild/Debug/libwebcore_bindings.a",
					"/Users/aw/Projects/software/webkit/chromium-mac/src/xcodebuild/Debug/libpcre.a",
					"/Users/aw/Projects/software/webkit/chromium-mac/src/xcodebuild/Debug/libwtf.a",
					"/Users/aw/Projects/software/webkit/chromium-mac/src/xcodebuild/Debug/libxml2.a",
					"/Users/aw/Projects/software/webkit/chromium-mac/src/xcodebuild/Debug/libxslt.a",
					"/Users/aw/Projects/software/webkit/chromium-mac/src/xcodebuild/Debug/libots.a",
					"/Users/aw/Projects/software/webkit/chromium-mac/src/xcodebuild/Debug/libtranslator_common.a",
					"/Users/aw/Projects/software/webkit/chromium-mac/src/xcodebuild/Debug/libwebkit_system_interface.a",
					"/Users/aw/Projects/software/webkit/chromium-mac/src/xcodebuild/Debug/libwebcore_remaining.a",
					"/Users/aw/Projects/software/webkit/chromium-mac/src/xcodebuild/Debug/libwebcore_svg.a",
					"/Users/aw/Projects/software/webkit/chromium-mac/src/xcodebuild/Debug/libappcache.a",
					"/Users/aw/Projects/software/webkit/chromium-mac/src/xcodebuild/Debug/libblob.a",
					"/Users/aw/Projects/software/webkit/chromium-mac/src/xcodebuild/Debug/libdatabase.a",
					"/Users/aw/Projects/software/webkit/chromium-mac/src/xcodebuild/Debug/libglue.a",
					"/Users/aw/Projects/software/webkit/chromium-mac/src/xcodebuild/Debug/libprinting.a",
					"/Users/aw/Projects/software/webkit/chromium-mac/src/xcodebuild/Debug/libwebkit_user_agent.a",
					"/Users/aw/Projects/software/webkit/chromium-mac/src/xcodebuild/Debug/libgpu_plugin.a",
					"/Users/aw/Projects/software/webkit/chromium-mac/src/xcodebuild/Debug/libcommand_buffer_service.a",
					"/Users/aw/Projects/software/webkit/chromium-mac/src/xcodebuild/Debug/libtranslator_glsl.a",
					"/Users/aw/Projects/software/webkit/chromium-mac/src/xcodebuild/Debug/libwebkit_support.a",
					"/Users/aw/Projects/software/webkit/chromium-mac/src/xcodebuild/Debug/libfileapi.a",
					"/Users/aw/Projects/software/webkit/chromium-mac/src/xcodebuild/Debug/libWebKitSystemInterfaceLeopardPrivateExtern.a",
				);
				PREBINDING = YES;
				SDKROOT = macosx10.5;
				VALID_ARCHS = i386;
			};
			name = Debug;
		};
		1DEB927A08733DD40010E9CD /* Release */ = {
			isa = XCBuildConfiguration;
			buildSettings = {
				ARCHS = "$(ARCHS_STANDARD_32_64_BIT)";
				GCC_C_LANGUAGE_STANDARD = gnu99;
				GCC_SYMBOLS_PRIVATE_EXTERN = NO;
				GCC_WARN_ABOUT_RETURN_TYPE = YES;
				GCC_WARN_UNUSED_VARIABLE = YES;
				HEADER_SEARCH_PATHS = (
					"/Users/aw/Projects/software/webkit/chromium-mac/src/",
					"/Users/aw/Projects/software/webkit/chromium-mac/src/third_party/WebKit/WebKit/chromium/",
					"/Users/aw/Projects/software/webkit/chromium-mac/src/skia/config",
				);
				OTHER_LDFLAGS = (
					"/Users/aw/Projects/software/webkit/chromium-mac/src/xcodebuild/Debug/libskia.a",
					"/Users/aw/Projects/software/webkit/chromium-mac/src/xcodebuild/Debug/libapp_base.a",
					"/Users/aw/Projects/software/webkit/chromium-mac/src/xcodebuild/Debug/libbase.a",
					"/Users/aw/Projects/software/webkit/chromium-mac/src/xcodebuild/Debug/libmodp_b64.a",
					"/Users/aw/Projects/software/webkit/chromium-mac/src/xcodebuild/Debug/libdynamic_annotations.a",
					"/Users/aw/Projects/software/webkit/chromium-mac/src/xcodebuild/Debug/libnss.a",
					"/Users/aw/Projects/software/webkit/chromium-mac/src/xcodebuild/Debug/libnspr.a",
					"/Users/aw/Projects/software/webkit/chromium-mac/src/xcodebuild/Debug/libsqlite3.a",
					"/Users/aw/Projects/software/webkit/chromium-mac/src/xcodebuild/Debug/libicui18n.a",
					"/Users/aw/Projects/software/webkit/chromium-mac/src/xcodebuild/Debug/libicuuc.a",
					"/Users/aw/Projects/software/webkit/chromium-mac/src/xcodebuild/Debug/libicudata.a",
					"/Users/aw/Projects/software/webkit/chromium-mac/src/xcodebuild/Debug/libevent.a",
					"/Users/aw/Projects/software/webkit/chromium-mac/src/xcodebuild/Debug/libbase_i18n.a",
					"/Users/aw/Projects/software/webkit/chromium-mac/src/xcodebuild/Debug/libgfx.a",
					"/Users/aw/Projects/software/webkit/chromium-mac/src/xcodebuild/Debug/libskia_opts.a",
					"/Users/aw/Projects/software/webkit/chromium-mac/src/xcodebuild/Debug/libjpeg.a",
					"/Users/aw/Projects/software/webkit/chromium-mac/src/xcodebuild/Debug/libpng.a",
					"/Users/aw/Projects/software/webkit/chromium-mac/src/xcodebuild/Debug/libchrome_zlib.a",
					"/Users/aw/Projects/software/webkit/chromium-mac/src/xcodebuild/Debug/libnet.a",
					"/Users/aw/Projects/software/webkit/chromium-mac/src/xcodebuild/Debug/libgoogleurl.a",
					"/Users/aw/Projects/software/webkit/chromium-mac/src/xcodebuild/Debug/libsdch.a",
					"/Users/aw/Projects/software/webkit/chromium-mac/src/xcodebuild/Debug/libnet_base.a",
					"/Users/aw/Projects/software/webkit/chromium-mac/src/xcodebuild/Debug/libv8_snapshot.a",
					"/Users/aw/Projects/software/webkit/chromium-mac/src/xcodebuild/Debug/libv8_base.a",
					"/Users/aw/Projects/software/webkit/chromium-mac/src/xcodebuild/Debug/libssl.a",
					"/Users/aw/Projects/software/webkit/chromium-mac/src/xcodebuild/Debug/libgles2_c_lib.a",
					"/Users/aw/Projects/software/webkit/chromium-mac/src/xcodebuild/Debug/libgles2_lib.a",
					"/Users/aw/Projects/software/webkit/chromium-mac/src/xcodebuild/Debug/libgles2_implementation.a",
					"/Users/aw/Projects/software/webkit/chromium-mac/src/xcodebuild/Debug/libgles2_cmd_helper.a",
					"/Users/aw/Projects/software/webkit/chromium-mac/src/xcodebuild/Debug/libcommand_buffer_client.a",
					"/Users/aw/Projects/software/webkit/chromium-mac/src/xcodebuild/Debug/libcommand_buffer_common.a",
					"/Users/aw/Projects/software/webkit/chromium-mac/src/xcodebuild/Debug/libmedia.a",
					"/Users/aw/Projects/software/webkit/chromium-mac/src/xcodebuild/Debug/libffmpeg.a",
					"/Users/aw/Projects/software/webkit/chromium-mac/src/xcodebuild/Debug/libgmock.a",
					"/Users/aw/Projects/software/webkit/chromium-mac/src/xcodebuild/Debug/libgtest.a",
					"/Users/aw/Projects/software/webkit/chromium-mac/src/xcodebuild/Debug/libwebkit.a",
					"/Users/aw/Projects/software/webkit/chromium-mac/src/xcodebuild/Debug/libwebcore_platform.a",
					"/Users/aw/Projects/software/webkit/chromium-mac/src/xcodebuild/Debug/libwebcore_bindings.a",
					"/Users/aw/Projects/software/webkit/chromium-mac/src/xcodebuild/Debug/libpcre.a",
					"/Users/aw/Projects/software/webkit/chromium-mac/src/xcodebuild/Debug/libwtf.a",
					"/Users/aw/Projects/software/webkit/chromium-mac/src/xcodebuild/Debug/libxml2.a",
					"/Users/aw/Projects/software/webkit/chromium-mac/src/xcodebuild/Debug/libxslt.a",
					"/Users/aw/Projects/software/webkit/chromium-mac/src/xcodebuild/Debug/libots.a",
					"/Users/aw/Projects/software/webkit/chromium-mac/src/xcodebuild/Debug/libtranslator_common.a",
					"/Users/aw/Projects/software/webkit/chromium-mac/src/xcodebuild/Debug/libwebkit_system_interface.a",
					"/Users/aw/Projects/software/webkit/chromium-mac/src/xcodebuild/Debug/libwebcore_remaining.a",
					"/Users/aw/Projects/software/webkit/chromium-mac/src/xcodebuild/Debug/libwebcore_svg.a",
					"/Users/aw/Projects/software/webkit/chromium-mac/src/xcodebuild/Debug/libappcache.a",
					"/Users/aw/Projects/software/webkit/chromium-mac/src/xcodebuild/Debug/libblob.a",
					"/Users/aw/Projects/software/webkit/chromium-mac/src/xcodebuild/Debug/libdatabase.a",
					"/Users/aw/Projects/software/webkit/chromium-mac/src/xcodebuild/Debug/libglue.a",
					"/Users/aw/Projects/software/webkit/chromium-mac/src/xcodebuild/Debug/libprinting.a",
					"/Users/aw/Projects/software/webkit/chromium-mac/src/xcodebuild/Debug/libwebkit_user_agent.a",
					"/Users/aw/Projects/software/webkit/chromium-mac/src/xcodebuild/Debug/libgpu_plugin.a",
					"/Users/aw/Projects/software/webkit/chromium-mac/src/xcodebuild/Debug/libcommand_buffer_service.a",
					"/Users/aw/Projects/software/webkit/chromium-mac/src/xcodebuild/Debug/libtranslator_glsl.a",
					"/Users/aw/Projects/software/webkit/chromium-mac/src/xcodebuild/Debug/libwebkit_support.a",
					"/Users/aw/Projects/software/webkit/chromium-mac/src/xcodebuild/Debug/libfileapi.a",
					"/Users/aw/Projects/software/webkit/chromium-mac/src/xcodebuild/Debug/libWebKitSystemInterfaceLeopardPrivateExtern.a",
				);
				PREBINDING = YES;
				SDKROOT = macosx10.5;
			};
			name = Release;
		};
/* End XCBuildConfiguration section */

/* Begin XCConfigurationList section */
		1DEB927408733DD40010E9CD /* Build configuration list for PBXNativeTarget "WebKitRender" */ = {
			isa = XCConfigurationList;
			buildConfigurations = (
				1DEB927508733DD40010E9CD /* Debug */,
				1DEB927608733DD40010E9CD /* Release */,
			);
			defaultConfigurationIsVisible = 0;
			defaultConfigurationName = Release;
		};
		1DEB927808733DD40010E9CD /* Build configuration list for PBXProject "WebKitRender" */ = {
			isa = XCConfigurationList;
			buildConfigurations = (
				1DEB927908733DD40010E9CD /* Debug */,
				1DEB927A08733DD40010E9CD /* Release */,
			);
			defaultConfigurationIsVisible = 0;
			defaultConfigurationName = Release;
		};
/* End XCConfigurationList section */
	};
	rootObject = 08FB7793FE84155DC02AAC07 /* Project object */;
}
